
Microsoft Visual Studio Solution File, Format Version 12.00
# Visual Studio 15
VisualStudioVersion = 15.0.26403.3
MinimumVisualStudioVersion = 10.0.40219.1
Project("{D954291E-2A0B-460D-934E-DC6B0785DB48}") = "MatematikForBoern", "MatematikForBoern\MatematikForBoern\MatematikForBoern.shproj", "{E9659D90-9C3D-4B5D-8C98-6D71E64E2991}"
EndProject
Project("{FAE04EC0-301F-11D3-BF4B-00C04F79EFBC}") = "MatematikForBoern.Android", "MatematikForBoern\MatematikForBoern.Android\MatematikForBoern.Android.csproj", "{7B404F0A-C6A4-4140-9021-1F81F1896955}"
EndProject
Project("{FAE04EC0-301F-11D3-BF4B-00C04F79EFBC}") = "MatematikForBoern.iOS", "MatematikForBoern\MatematikForBoern.iOS\MatematikForBoern.iOS.csproj", "{DEFED98B-C999-429D-A226-C79832807A2E}"
EndProject
Project("{FAE04EC0-301F-11D3-BF4B-00C04F79EFBC}") = "MatematikForBoern.UWP", "MatematikForBoern\MatematikForBoern.UWP\MatematikForBoern.UWP.csproj", "{56C97975-AA83-4C0C-8DFC-88AFDF7B7102}"
EndProject
Global
	GlobalSection(SharedMSBuildProjectFiles) = preSolution
		MatematikForBoern\MatematikForBoern\MatematikForBoern.projitems*{7b404f0a-c6a4-4140-9021-1f81f1896955}*SharedItemsImports = 4
		MatematikForBoern\MatematikForBoern\MatematikForBoern.projitems*{defed98b-c999-429d-a226-c79832807a2e}*SharedItemsImports = 4
		MatematikForBoern\MatematikForBoern\MatematikForBoern.projitems*{e9659d90-9c3d-4b5d-8c98-6d71e64e2991}*SharedItemsImports = 13
	EndGlobalSection
	GlobalSection(SolutionConfigurationPlatforms) = preSolution
		Ad-Hoc|Any CPU = Ad-Hoc|Any CPU
		Ad-Hoc|ARM = Ad-Hoc|ARM
		Ad-Hoc|iPhone = Ad-Hoc|iPhone
		Ad-Hoc|iPhoneSimulator = Ad-Hoc|iPhoneSimulator
		Ad-Hoc|x64 = Ad-Hoc|x64
		Ad-Hoc|x86 = Ad-Hoc|x86
		AppStore|Any CPU = AppStore|Any CPU
		AppStore|ARM = AppStore|ARM
		AppStore|iPhone = AppStore|iPhone
		AppStore|iPhoneSimulator = AppStore|iPhoneSimulator
		AppStore|x64 = AppStore|x64
		AppStore|x86 = AppStore|x86
		Debug|Any CPU = Debug|Any CPU
		Debug|ARM = Debug|ARM
		Debug|iPhone = Debug|iPhone
		Debug|iPhoneSimulator = Debug|iPhoneSimulator
		Debug|x64 = Debug|x64
		Debug|x86 = Debug|x86
		Release|Any CPU = Release|Any CPU
		Release|ARM = Release|ARM
		Release|iPhone = Release|iPhone
		Release|iPhoneSimulator = Release|iPhoneSimulator
		Release|x64 = Release|x64
		Release|x86 = Release|x86
	EndGlobalSection
	GlobalSection(ProjectConfigurationPlatforms) = postSolution
		{7B404F0A-C6A4-4140-9021-1F81F1896955}.Ad-Hoc|Any CPU.ActiveCfg = Release|Any CPU
		{7B404F0A-C6A4-4140-9021-1F81F1896955}.Ad-Hoc|Any CPU.Build.0 = Release|Any CPU
		{7B404F0A-C6A4-4140-9021-1F81F1896955}.Ad-Hoc|Any CPU.Deploy.0 = Release|Any CPU
		{7B404F0A-C6A4-4140-9021-1F81F1896955}.Ad-Hoc|ARM.ActiveCfg = Release|Any CPU
		{7B404F0A-C6A4-4140-9021-1F81F1896955}.Ad-Hoc|ARM.Build.0 = Release|Any CPU
		{7B404F0A-C6A4-4140-9021-1F81F1896955}.Ad-Hoc|ARM.Deploy.0 = Release|Any CPU
		{7B404F0A-C6A4-4140-9021-1F81F1896955}.Ad-Hoc|iPhone.ActiveCfg = Release|Any CPU
		{7B404F0A-C6A4-4140-9021-1F81F1896955}.Ad-Hoc|iPhone.Build.0 = Release|Any CPU
		{7B404F0A-C6A4-4140-9021-1F81F1896955}.Ad-Hoc|iPhone.Deploy.0 = Release|Any CPU
		{7B404F0A-C6A4-4140-9021-1F81F1896955}.Ad-Hoc|iPhoneSimulator.ActiveCfg = Release|Any CPU
		{7B404F0A-C6A4-4140-9021-1F81F1896955}.Ad-Hoc|iPhoneSimulator.Build.0 = Release|Any CPU
		{7B404F0A-C6A4-4140-9021-1F81F1896955}.Ad-Hoc|iPhoneSimulator.Deploy.0 = Release|Any CPU
		{7B404F0A-C6A4-4140-9021-1F81F1896955}.Ad-Hoc|x64.ActiveCfg = Release|Any CPU
		{7B404F0A-C6A4-4140-9021-1F81F1896955}.Ad-Hoc|x64.Build.0 = Release|Any CPU
		{7B404F0A-C6A4-4140-9021-1F81F1896955}.Ad-Hoc|x64.Deploy.0 = Release|Any CPU
		{7B404F0A-C6A4-4140-9021-1F81F1896955}.Ad-Hoc|x86.ActiveCfg = Release|Any CPU
		{7B404F0A-C6A4-4140-9021-1F81F1896955}.Ad-Hoc|x86.Build.0 = Release|Any CPU
		{7B404F0A-C6A4-4140-9021-1F81F1896955}.Ad-Hoc|x86.Deploy.0 = Release|Any CPU
		{7B404F0A-C6A4-4140-9021-1F81F1896955}.AppStore|Any CPU.ActiveCfg = Release|Any CPU
		{7B404F0A-C6A4-4140-9021-1F81F1896955}.AppStore|Any CPU.Build.0 = Release|Any CPU
		{7B404F0A-C6A4-4140-9021-1F81F1896955}.AppStore|Any CPU.Deploy.0 = Release|Any CPU
		{7B404F0A-C6A4-4140-9021-1F81F1896955}.AppStore|ARM.ActiveCfg = Release|Any CPU
		{7B404F0A-C6A4-4140-9021-1F81F1896955}.AppStore|ARM.Build.0 = Release|Any CPU
		{7B404F0A-C6A4-4140-9021-1F81F1896955}.AppStore|ARM.Deploy.0 = Release|Any CPU
		{7B404F0A-C6A4-4140-9021-1F81F1896955}.AppStore|iPhone.ActiveCfg = Release|Any CPU
		{7B404F0A-C6A4-4140-9021-1F81F1896955}.AppStore|iPhone.Build.0 = Release|Any CPU
		{7B404F0A-C6A4-4140-9021-1F81F1896955}.AppStore|iPhone.Deploy.0 = Release|Any CPU
		{7B404F0A-C6A4-4140-9021-1F81F1896955}.AppStore|iPhoneSimulator.ActiveCfg = Release|Any CPU
		{7B404F0A-C6A4-4140-9021-1F81F1896955}.AppStore|iPhoneSimulator.Build.0 = Release|Any CPU
		{7B404F0A-C6A4-4140-9021-1F81F1896955}.AppStore|iPhoneSimulator.Deploy.0 = Release|Any CPU
		{7B404F0A-C6A4-4140-9021-1F81F1896955}.AppStore|x64.ActiveCfg = Release|Any CPU
		{7B404F0A-C6A4-4140-9021-1F81F1896955}.AppStore|x64.Build.0 = Release|Any CPU
		{7B404F0A-C6A4-4140-9021-1F81F1896955}.AppStore|x64.Deploy.0 = Release|Any CPU
		{7B404F0A-C6A4-4140-9021-1F81F1896955}.AppStore|x86.ActiveCfg = Release|Any CPU
		{7B404F0A-C6A4-4140-9021-1F81F1896955}.AppStore|x86.Build.0 = Release|Any CPU
		{7B404F0A-C6A4-4140-9021-1F81F1896955}.AppStore|x86.Deploy.0 = Release|Any CPU
		{7B404F0A-C6A4-4140-9021-1F81F1896955}.Debug|Any CPU.ActiveCfg = Debug|Any CPU
		{7B404F0A-C6A4-4140-9021-1F81F1896955}.Debug|Any CPU.Build.0 = Debug|Any CPU
		{7B404F0A-C6A4-4140-9021-1F81F1896955}.Debug|Any CPU.Deploy.0 = Debug|Any CPU
		{7B404F0A-C6A4-4140-9021-1F81F1896955}.Debug|ARM.ActiveCfg = Debug|Any CPU
		{7B404F0A-C6A4-4140-9021-1F81F1896955}.Debug|ARM.Build.0 = Debug|Any CPU
		{7B404F0A-C6A4-4140-9021-1F81F1896955}.Debug|ARM.Deploy.0 = Debug|Any CPU
		{7B404F0A-C6A4-4140-9021-1F81F1896955}.Debug|iPhone.ActiveCfg = Debug|Any CPU
		{7B404F0A-C6A4-4140-9021-1F81F1896955}.Debug|iPhone.Build.0 = Debug|Any CPU
		{7B404F0A-C6A4-4140-9021-1F81F1896955}.Debug|iPhone.Deploy.0 = Debug|Any CPU
		{7B404F0A-C6A4-4140-9021-1F81F1896955}.Debug|iPhoneSimulator.ActiveCfg = Debug|Any CPU
		{7B404F0A-C6A4-4140-9021-1F81F1896955}.Debug|iPhoneSimulator.Build.0 = Debug|Any CPU
		{7B404F0A-C6A4-4140-9021-1F81F1896955}.Debug|iPhoneSimulator.Deploy.0 = Debug|Any CPU
		{7B404F0A-C6A4-4140-9021-1F81F1896955}.Debug|x64.ActiveCfg = Debug|Any CPU
		{7B404F0A-C6A4-4140-9021-1F81F1896955}.Debug|x64.Build.0 = Debug|Any CPU
		{7B404F0A-C6A4-4140-9021-1F81F1896955}.Debug|x64.Deploy.0 = Debug|Any CPU
		{7B404F0A-C6A4-4140-9021-1F81F1896955}.Debug|x86.ActiveCfg = Debug|Any CPU
		{7B404F0A-C6A4-4140-9021-1F81F1896955}.Debug|x86.Build.0 = Debug|Any CPU
		{7B404F0A-C6A4-4140-9021-1F81F1896955}.Debug|x86.Deploy.0 = Debug|Any CPU
		{7B404F0A-C6A4-4140-9021-1F81F1896955}.Release|Any CPU.ActiveCfg = Release|Any CPU
		{7B404F0A-C6A4-4140-9021-1F81F1896955}.Release|Any CPU.Build.0 = Release|Any CPU
		{7B404F0A-C6A4-4140-9021-1F81F1896955}.Release|Any CPU.Deploy.0 = Release|Any CPU
		{7B404F0A-C6A4-4140-9021-1F81F1896955}.Release|ARM.ActiveCfg = Release|Any CPU
		{7B404F0A-C6A4-4140-9021-1F81F1896955}.Release|ARM.Build.0 = Release|Any CPU
		{7B404F0A-C6A4-4140-9021-1F81F1896955}.Release|ARM.Deploy.0 = Release|Any CPU
		{7B404F0A-C6A4-4140-9021-1F81F1896955}.Release|iPhone.ActiveCfg = Release|Any CPU
		{7B404F0A-C6A4-4140-9021-1F81F1896955}.Release|iPhone.Build.0 = Release|Any CPU
		{7B404F0A-C6A4-4140-9021-1F81F1896955}.Release|iPhone.Deploy.0 = Release|Any CPU
		{7B404F0A-C6A4-4140-9021-1F81F1896955}.Release|iPhoneSimulator.ActiveCfg = Release|Any CPU
		{7B404F0A-C6A4-4140-9021-1F81F1896955}.Release|iPhoneSimulator.Build.0 = Release|Any CPU
		{7B404F0A-C6A4-4140-9021-1F81F1896955}.Release|iPhoneSimulator.Deploy.0 = Release|Any CPU
		{7B404F0A-C6A4-4140-9021-1F81F1896955}.Release|x64.ActiveCfg = Release|Any CPU
		{7B404F0A-C6A4-4140-9021-1F81F1896955}.Release|x64.Build.0 = Release|Any CPU
		{7B404F0A-C6A4-4140-9021-1F81F1896955}.Release|x64.Deploy.0 = Release|Any CPU
		{7B404F0A-C6A4-4140-9021-1F81F1896955}.Release|x86.ActiveCfg = Release|Any CPU
		{7B404F0A-C6A4-4140-9021-1F81F1896955}.Release|x86.Build.0 = Release|Any CPU
		{7B404F0A-C6A4-4140-9021-1F81F1896955}.Release|x86.Deploy.0 = Release|Any CPU
		{DEFED98B-C999-429D-A226-C79832807A2E}.Ad-Hoc|Any CPU.ActiveCfg = Ad-Hoc|iPhone
		{DEFED98B-C999-429D-A226-C79832807A2E}.Ad-Hoc|ARM.ActiveCfg = Ad-Hoc|iPhone
		{DEFED98B-C999-429D-A226-C79832807A2E}.Ad-Hoc|iPhone.ActiveCfg = Ad-Hoc|iPhone
		{DEFED98B-C999-429D-A226-C79832807A2E}.Ad-Hoc|iPhone.Build.0 = Ad-Hoc|iPhone
		{DEFED98B-C999-429D-A226-C79832807A2E}.Ad-Hoc|iPhoneSimulator.ActiveCfg = Ad-Hoc|iPhoneSimulator
		{DEFED98B-C999-429D-A226-C79832807A2E}.Ad-Hoc|iPhoneSimulator.Build.0 = Ad-Hoc|iPhoneSimulator
		{DEFED98B-C999-429D-A226-C79832807A2E}.Ad-Hoc|x64.ActiveCfg = Ad-Hoc|iPhone
		{DEFED98B-C999-429D-A226-C79832807A2E}.Ad-Hoc|x86.ActiveCfg = Ad-Hoc|iPhone
		{DEFED98B-C999-429D-A226-C79832807A2E}.AppStore|Any CPU.ActiveCfg = AppStore|iPhone
		{DEFED98B-C999-429D-A226-C79832807A2E}.AppStore|ARM.ActiveCfg = AppStore|iPhone
		{DEFED98B-C999-429D-A226-C79832807A2E}.AppStore|iPhone.ActiveCfg = AppStore|iPhone
		{DEFED98B-C999-429D-A226-C79832807A2E}.AppStore|iPhone.Build.0 = AppStore|iPhone
		{DEFED98B-C999-429D-A226-C79832807A2E}.AppStore|iPhoneSimulator.ActiveCfg = AppStore|iPhoneSimulator
		{DEFED98B-C999-429D-A226-C79832807A2E}.AppStore|iPhoneSimulator.Build.0 = AppStore|iPhoneSimulator
		{DEFED98B-C999-429D-A226-C79832807A2E}.AppStore|x64.ActiveCfg = AppStore|iPhone
		{DEFED98B-C999-429D-A226-C79832807A2E}.AppStore|x86.ActiveCfg = AppStore|iPhone
		{DEFED98B-C999-429D-A226-C79832807A2E}.Debug|Any CPU.ActiveCfg = Debug|iPhone
		{DEFED98B-C999-429D-A226-C79832807A2E}.Debug|ARM.ActiveCfg = Debug|iPhone
		{DEFED98B-C999-429D-A226-C79832807A2E}.Debug|iPhone.ActiveCfg = Debug|iPhone
		{DEFED98B-C999-429D-A226-C79832807A2E}.Debug|iPhone.Build.0 = Debug|iPhone
		{DEFED98B-C999-429D-A226-C79832807A2E}.Debug|iPhoneSimulator.ActiveCfg = Debug|iPhoneSimulator
		{DEFED98B-C999-429D-A226-C79832807A2E}.Debug|iPhoneSimulator.Build.0 = Debug|iPhoneSimulator
		{DEFED98B-C999-429D-A226-C79832807A2E}.Debug|x64.ActiveCfg = Debug|iPhone
		{DEFED98B-C999-429D-A226-C79832807A2E}.Debug|x86.ActiveCfg = Debug|iPhone
		{DEFED98B-C999-429D-A226-C79832807A2E}.Release|Any CPU.ActiveCfg = Release|iPhone
		{DEFED98B-C999-429D-A226-C79832807A2E}.Release|ARM.ActiveCfg = Release|iPhone
		{DEFED98B-C999-429D-A226-C79832807A2E}.Release|iPhone.ActiveCfg = Release|iPhone
		{DEFED98B-C999-429D-A226-C79832807A2E}.Release|iPhone.Build.0 = Release|iPhone
		{DEFED98B-C999-429D-A226-C79832807A2E}.Release|iPhoneSimulator.ActiveCfg = Release|iPhoneSimulator
		{DEFED98B-C999-429D-A226-C79832807A2E}.Release|iPhoneSimulator.Build.0 = Release|iPhoneSimulator
		{DEFED98B-C999-429D-A226-C79832807A2E}.Release|x64.ActiveCfg = Release|iPhone
		{DEFED98B-C999-429D-A226-C79832807A2E}.Release|x86.ActiveCfg = Release|iPhone
		{56C97975-AA83-4C0C-8DFC-88AFDF7B7102}.Ad-Hoc|Any CPU.ActiveCfg = Release|x86
		{56C97975-AA83-4C0C-8DFC-88AFDF7B7102}.Ad-Hoc|Any CPU.Build.0 = Release|x86
		{56C97975-AA83-4C0C-8DFC-88AFDF7B7102}.Ad-Hoc|Any CPU.Deploy.0 = Release|x86
		{56C97975-AA83-4C0C-8DFC-88AFDF7B7102}.Ad-Hoc|ARM.ActiveCfg = Release|ARM
		{56C97975-AA83-4C0C-8DFC-88AFDF7B7102}.Ad-Hoc|ARM.Build.0 = Release|ARM
		{56C97975-AA83-4C0C-8DFC-88AFDF7B7102}.Ad-Hoc|ARM.Deploy.0 = Release|ARM
		{56C97975-AA83-4C0C-8DFC-88AFDF7B7102}.Ad-Hoc|iPhone.ActiveCfg = Release|x86
		{56C97975-AA83-4C0C-8DFC-88AFDF7B7102}.Ad-Hoc|iPhone.Build.0 = Release|x86
		{56C97975-AA83-4C0C-8DFC-88AFDF7B7102}.Ad-Hoc|iPhone.Deploy.0 = Release|x86
		{56C97975-AA83-4C0C-8DFC-88AFDF7B7102}.Ad-Hoc|iPhoneSimulator.ActiveCfg = Release|x86
		{56C97975-AA83-4C0C-8DFC-88AFDF7B7102}.Ad-Hoc|iPhoneSimulator.Build.0 = Release|x86
		{56C97975-AA83-4C0C-8DFC-88AFDF7B7102}.Ad-Hoc|iPhoneSimulator.Deploy.0 = Release|x86
		{56C97975-AA83-4C0C-8DFC-88AFDF7B7102}.Ad-Hoc|x64.ActiveCfg = Release|x64
		{56C97975-AA83-4C0C-8DFC-88AFDF7B7102}.Ad-Hoc|x64.Build.0 = Release|x64
		{56C97975-AA83-4C0C-8DFC-88AFDF7B7102}.Ad-Hoc|x64.Deploy.0 = Release|x64
		{56C97975-AA83-4C0C-8DFC-88AFDF7B7102}.Ad-Hoc|x86.ActiveCfg = Release|x86
		{56C97975-AA83-4C0C-8DFC-88AFDF7B7102}.Ad-Hoc|x86.Build.0 = Release|x86
		{56C97975-AA83-4C0C-8DFC-88AFDF7B7102}.Ad-Hoc|x86.Deploy.0 = Release|x86
		{56C97975-AA83-4C0C-8DFC-88AFDF7B7102}.AppStore|Any CPU.ActiveCfg = Release|x86
		{56C97975-AA83-4C0C-8DFC-88AFDF7B7102}.AppStore|Any CPU.Build.0 = Release|x86
		{56C97975-AA83-4C0C-8DFC-88AFDF7B7102}.AppStore|Any CPU.Deploy.0 = Release|x86
		{56C97975-AA83-4C0C-8DFC-88AFDF7B7102}.AppStore|ARM.ActiveCfg = Release|ARM
		{56C97975-AA83-4C0C-8DFC-88AFDF7B7102}.AppStore|ARM.Build.0 = Release|ARM
		{56C97975-AA83-4C0C-8DFC-88AFDF7B7102}.AppStore|ARM.Deploy.0 = Release|ARM
		{56C97975-AA83-4C0C-8DFC-88AFDF7B7102}.AppStore|iPhone.ActiveCfg = Release|x86
		{56C97975-AA83-4C0C-8DFC-88AFDF7B7102}.AppStore|iPhone.Build.0 = Release|x86
		{56C97975-AA83-4C0C-8DFC-88AFDF7B7102}.AppStore|iPhone.Deploy.0 = Release|x86
		{56C97975-AA83-4C0C-8DFC-88AFDF7B7102}.AppStore|iPhoneSimulator.ActiveCfg = Release|x86
		{56C97975-AA83-4C0C-8DFC-88AFDF7B7102}.AppStore|iPhoneSimulator.Build.0 = Release|x86
		{56C97975-AA83-4C0C-8DFC-88AFDF7B7102}.AppStore|iPhoneSimulator.Deploy.0 = Release|x86
		{56C97975-AA83-4C0C-8DFC-88AFDF7B7102}.AppStore|x64.ActiveCfg = Release|x64
		{56C97975-AA83-4C0C-8DFC-88AFDF7B7102}.AppStore|x64.Build.0 = Release|x64
		{56C97975-AA83-4C0C-8DFC-88AFDF7B7102}.AppStore|x64.Deploy.0 = Release|x64
		{56C97975-AA83-4C0C-8DFC-88AFDF7B7102}.AppStore|x86.ActiveCfg = Release|x86
		{56C97975-AA83-4C0C-8DFC-88AFDF7B7102}.AppStore|x86.Build.0 = Release|x86
		{56C97975-AA83-4C0C-8DFC-88AFDF7B7102}.AppStore|x86.Deploy.0 = Release|x86
		{56C97975-AA83-4C0C-8DFC-88AFDF7B7102}.Debug|Any CPU.ActiveCfg = Debug|x86
		{56C97975-AA83-4C0C-8DFC-88AFDF7B7102}.Debug|ARM.ActiveCfg = Debug|ARM
		{56C97975-AA83-4C0C-8DFC-88AFDF7B7102}.Debug|ARM.Build.0 = Debug|ARM
		{56C97975-AA83-4C0C-8DFC-88AFDF7B7102}.Debug|ARM.Deploy.0 = Debug|ARM
		{56C97975-AA83-4C0C-8DFC-88AFDF7B7102}.Debug|iPhone.ActiveCfg = Debug|x86
		{56C97975-AA83-4C0C-8DFC-88AFDF7B7102}.Debug|iPhoneSimulator.ActiveCfg = Debug|x86
		{56C97975-AA83-4C0C-8DFC-88AFDF7B7102}.Debug|x64.ActiveCfg = Debug|x64
		{56C97975-AA83-4C0C-8DFC-88AFDF7B7102}.Debug|x64.Build.0 = Debug|x64
		{56C97975-AA83-4C0C-8DFC-88AFDF7B7102}.Debug|x64.Deploy.0 = Debug|x64
		{56C97975-AA83-4C0C-8DFC-88AFDF7B7102}.Debug|x86.ActiveCfg = Debug|x86
		{56C97975-AA83-4C0C-8DFC-88AFDF7B7102}.Debug|x86.Build.0 = Debug|x86
		{56C97975-AA83-4C0C-8DFC-88AFDF7B7102}.Debug|x86.Deploy.0 = Debug|x86
		{56C97975-AA83-4C0C-8DFC-88AFDF7B7102}.Release|Any CPU.ActiveCfg = Release|x86
		{56C97975-AA83-4C0C-8DFC-88AFDF7B7102}.Release|ARM.ActiveCfg = Release|ARM
		{56C97975-AA83-4C0C-8DFC-88AFDF7B7102}.Release|ARM.Build.0 = Release|ARM
		{56C97975-AA83-4C0C-8DFC-88AFDF7B7102}.Release|ARM.Deploy.0 = Release|ARM
		{56C97975-AA83-4C0C-8DFC-88AFDF7B7102}.Release|iPhone.ActiveCfg = Release|x86
		{56C97975-AA83-4C0C-8DFC-88AFDF7B7102}.Release|iPhoneSimulator.ActiveCfg = Release|x86
		{56C97975-AA83-4C0C-8DFC-88AFDF7B7102}.Release|x64.ActiveCfg = Release|x64
		{56C97975-AA83-4C0C-8DFC-88AFDF7B7102}.Release|x64.Build.0 = Release|x64
		{56C97975-AA83-4C0C-8DFC-88AFDF7B7102}.Release|x64.Deploy.0 = Release|x64
		{56C97975-AA83-4C0C-8DFC-88AFDF7B7102}.Release|x86.ActiveCfg = Release|x86
		{56C97975-AA83-4C0C-8DFC-88AFDF7B7102}.Release|x86.Build.0 = Release|x86
		{56C97975-AA83-4C0C-8DFC-88AFDF7B7102}.Release|x86.Deploy.0 = Release|x86
	EndGlobalSection
	GlobalSection(SolutionProperties) = preSolution
		HideSolutionNode = FALSE
	EndGlobalSection
EndGlobal
